PODS:
  - Capacitor (6.1.2):
    - CapacitorCordova
  - CapacitorCommunitySafeArea (6.0.0-alpha.7):
    - Capacitor
  - CapacitorCordova (6.1.2)

DEPENDENCIES:
  - "Capacitor (from `../../node_modules/@capacitor/ios`)"
  - "CapacitorCommunitySafeArea (from `../../node_modules/@capacitor-community/safe-area`)"
  - "CapacitorCordova (from `../../node_modules/@capacitor/ios`)"

EXTERNAL SOURCES:
  Capacitor:
    :path: "../../node_modules/@capacitor/ios"
  CapacitorCommunitySafeArea:
    :path: "../../node_modules/@capacitor-community/safe-area"
  CapacitorCordova:
    :path: "../../node_modules/@capacitor/ios"

SPEC CHECKSUMS:
  Capacitor: 679f9673fdf30597493a6362a5d5bf233d46abc2
  CapacitorCommunitySafeArea: 9dfcb1a05f4c6ecc2a92e5231b646986dc30f672
  CapacitorCordova: f48c89f96c319101cd2f0ce8a2b7449b5fb8b3dd

PODFILE CHECKSUM: 9081c3037690c166d6e025925751e2014fed8b54

COCOAPODS: 1.15.2
